
Microsoft Visual Studio Solution File, Format Version 12.00
# Visual Studio Version 16
VisualStudioVersion = 25.0.1705.0
MinimumVisualStudioVersion = 10.0.40219.1
Project("{FAE04EC0-301F-11D3-BF4B-00C04F79EFBC}") = "CarWorkshop.Application", "CarWorkshop.Application.csproj", "{01EB5AC7-4232-48C3-91DE-7E57148D6D41}"
EndProject
Global
	GlobalSection(SolutionConfigurationPlatforms) = preSolution
		Debug|Any CPU = Debug|Any CPU
		Release|Any CPU = Release|Any CPU
	EndGlobalSection
	GlobalSection(ProjectConfigurationPlatforms) = postSolution
		{01EB5AC7-4232-48C3-91DE-7E57148D6D41}.Debug|Any CPU.ActiveCfg = Debug|Any CPU
		{01EB5AC7-4232-48C3-91DE-7E57148D6D41}.Debug|Any CPU.Build.0 = Debug|Any CPU
		{01EB5AC7-4232-48C3-91DE-7E57148D6D41}.Release|Any CPU.ActiveCfg = Release|Any CPU
		{01EB5AC7-4232-48C3-91DE-7E57148D6D41}.Release|Any CPU.Build.0 = Release|Any CPU
	EndGlobalSection
	GlobalSection(SolutionProperties) = preSolution
		HideSolutionNode = FALSE
	EndGlobalSection
	GlobalSection(ExtensibilityGlobals) = postSolution
		SolutionGuid = {F51A23BE-EA6C-4C10-B3A8-95B3A900A7D1}
	EndGlobalSection
EndGlobal
